
Microsoft Visual Studio Solution File, Format Version 12.00
# Visual Studio Version 17
VisualStudioVersion = 17.5.33530.505
MinimumVisualStudioVersion = 10.0.40219.1
Project("{FAE04EC0-301F-11D3-BF4B-00C04F79EFBC}") = "quiz", "quiz\quiz.csproj", "{96AA0D7F-80A6-4080-BC33-4EA595FC8A14}"
EndProject
Global
	GlobalSection(SolutionConfigurationPlatforms) = preSolution
		Debug|Any CPU = Debug|Any CPU
		Release|Any CPU = Release|Any CPU
	EndGlobalSection
	GlobalSection(ProjectConfigurationPlatforms) = postSolution
		{96AA0D7F-80A6-4080-BC33-4EA595FC8A14}.Debug|Any CPU.ActiveCfg = Debug|Any CPU
		{96AA0D7F-80A6-4080-BC33-4EA595FC8A14}.Debug|Any CPU.Build.0 = Debug|Any CPU
		{96AA0D7F-80A6-4080-BC33-4EA595FC8A14}.Release|Any CPU.ActiveCfg = Release|Any CPU
		{96AA0D7F-80A6-4080-BC33-4EA595FC8A14}.Release|Any CPU.Build.0 = Release|Any CPU
	EndGlobalSection
	GlobalSection(SolutionProperties) = preSolution
		HideSolutionNode = FALSE
	EndGlobalSection
	GlobalSection(ExtensibilityGlobals) = postSolution
		SolutionGuid = {E2F1464A-002A-4B4E-8348-82BA420FA941}
	EndGlobalSection
EndGlobal
